
Microsoft Visual Studio Solution File, Format Version 12.00
# Visual Studio Version 17
VisualStudioVersion = 17.8.34316.72
MinimumVisualStudioVersion = 10.0.40219.1
Project("{2150E333-8FDC-42A3-9474-1A3956D46DE8}") = "tests", "tests", "{5BF00462-D85F-4445-8D1E-1A935D638320}"
EndProject
Project("{FAE04EC0-301F-11D3-BF4B-00C04F79EFBC}") = "Ergenekon.Host", "Ergenekon.Host\Ergenekon.Host.csproj", "{E9F69DBE-C76A-4079-A73E-7910ABA9615A}"
EndProject
Project("{FAE04EC0-301F-11D3-BF4B-00C04F79EFBC}") = "Ergenekon.Domain", "Ergenekon.Domain\Ergenekon.Domain.csproj", "{DB2CE16F-6F34-4BFF-A621-779B45094AB8}"
EndProject
Project("{FAE04EC0-301F-11D3-BF4B-00C04F79EFBC}") = "Ergenekon.Application", "Ergenekon.Application\Ergenekon.Application.csproj", "{34A8F510-119E-4015-90FB-18B62A5B95F1}"
EndProject
Project("{FAE04EC0-301F-11D3-BF4B-00C04F79EFBC}") = "Ergenekon.Infrastructure", "Ergenekon.Infrastructure\Ergenekon.Infrastructure.csproj", "{5AA7633A-0290-488F-A69C-09856BF13C44}"
EndProject
Project("{FAE04EC0-301F-11D3-BF4B-00C04F79EFBC}") = "Ergenekon.Domain.UnitTests", "Ergenekon.Domain.UnitTests\Ergenekon.Domain.UnitTests.csproj", "{60B3A19B-A725-4F44-A8D2-A66231695A38}"
EndProject
Project("{FAE04EC0-301F-11D3-BF4B-00C04F79EFBC}") = "Ergenekon.Application.UnitTests", "Ergenekon.Application.UnitTests\Ergenekon.Application.UnitTests.csproj", "{1DC4817E-1E4F-45C1-9BD5-BAB429141EC8}"
EndProject
Project("{FAE04EC0-301F-11D3-BF4B-00C04F79EFBC}") = "Ergenekon.Application.FunctionalTests", "Ergenekon.Application.FunctionalTests\Ergenekon.Application.FunctionalTests.csproj", "{A25D8797-0F0B-48D4-8C59-6EAFC5ECAD49}"
EndProject
Project("{FAE04EC0-301F-11D3-BF4B-00C04F79EFBC}") = "Ergenekon.Infrastructure.IntegrationTests", "Ergenekon.Infrastructure.IntegrationTests\Ergenekon.Infrastructure.IntegrationTests.csproj", "{71EE4EA4-13AF-4EF0-9215-8776A8D30ECC}"
EndProject
Global
	GlobalSection(SolutionConfigurationPlatforms) = preSolution
		Debug|Any CPU = Debug|Any CPU
		Release|Any CPU = Release|Any CPU
	EndGlobalSection
	GlobalSection(ProjectConfigurationPlatforms) = postSolution
		{E9F69DBE-C76A-4079-A73E-7910ABA9615A}.Debug|Any CPU.ActiveCfg = Debug|Any CPU
		{E9F69DBE-C76A-4079-A73E-7910ABA9615A}.Debug|Any CPU.Build.0 = Debug|Any CPU
		{E9F69DBE-C76A-4079-A73E-7910ABA9615A}.Release|Any CPU.ActiveCfg = Release|Any CPU
		{E9F69DBE-C76A-4079-A73E-7910ABA9615A}.Release|Any CPU.Build.0 = Release|Any CPU
		{DB2CE16F-6F34-4BFF-A621-779B45094AB8}.Debug|Any CPU.ActiveCfg = Debug|Any CPU
		{DB2CE16F-6F34-4BFF-A621-779B45094AB8}.Debug|Any CPU.Build.0 = Debug|Any CPU
		{DB2CE16F-6F34-4BFF-A621-779B45094AB8}.Release|Any CPU.ActiveCfg = Release|Any CPU
		{DB2CE16F-6F34-4BFF-A621-779B45094AB8}.Release|Any CPU.Build.0 = Release|Any CPU
		{34A8F510-119E-4015-90FB-18B62A5B95F1}.Debug|Any CPU.ActiveCfg = Debug|Any CPU
		{34A8F510-119E-4015-90FB-18B62A5B95F1}.Debug|Any CPU.Build.0 = Debug|Any CPU
		{34A8F510-119E-4015-90FB-18B62A5B95F1}.Release|Any CPU.ActiveCfg = Release|Any CPU
		{34A8F510-119E-4015-90FB-18B62A5B95F1}.Release|Any CPU.Build.0 = Release|Any CPU
		{5AA7633A-0290-488F-A69C-09856BF13C44}.Debug|Any CPU.ActiveCfg = Debug|Any CPU
		{5AA7633A-0290-488F-A69C-09856BF13C44}.Debug|Any CPU.Build.0 = Debug|Any CPU
		{5AA7633A-0290-488F-A69C-09856BF13C44}.Release|Any CPU.ActiveCfg = Release|Any CPU
		{5AA7633A-0290-488F-A69C-09856BF13C44}.Release|Any CPU.Build.0 = Release|Any CPU
		{60B3A19B-A725-4F44-A8D2-A66231695A38}.Debug|Any CPU.ActiveCfg = Debug|Any CPU
		{60B3A19B-A725-4F44-A8D2-A66231695A38}.Debug|Any CPU.Build.0 = Debug|Any CPU
		{60B3A19B-A725-4F44-A8D2-A66231695A38}.Release|Any CPU.ActiveCfg = Release|Any CPU
		{60B3A19B-A725-4F44-A8D2-A66231695A38}.Release|Any CPU.Build.0 = Release|Any CPU
		{1DC4817E-1E4F-45C1-9BD5-BAB429141EC8}.Debug|Any CPU.ActiveCfg = Debug|Any CPU
		{1DC4817E-1E4F-45C1-9BD5-BAB429141EC8}.Debug|Any CPU.Build.0 = Debug|Any CPU
		{1DC4817E-1E4F-45C1-9BD5-BAB429141EC8}.Release|Any CPU.ActiveCfg = Release|Any CPU
		{1DC4817E-1E4F-45C1-9BD5-BAB429141EC8}.Release|Any CPU.Build.0 = Release|Any CPU
		{A25D8797-0F0B-48D4-8C59-6EAFC5ECAD49}.Debug|Any CPU.ActiveCfg = Debug|Any CPU
		{A25D8797-0F0B-48D4-8C59-6EAFC5ECAD49}.Debug|Any CPU.Build.0 = Debug|Any CPU
		{A25D8797-0F0B-48D4-8C59-6EAFC5ECAD49}.Release|Any CPU.ActiveCfg = Release|Any CPU
		{A25D8797-0F0B-48D4-8C59-6EAFC5ECAD49}.Release|Any CPU.Build.0 = Release|Any CPU
		{71EE4EA4-13AF-4EF0-9215-8776A8D30ECC}.Debug|Any CPU.ActiveCfg = Debug|Any CPU
		{71EE4EA4-13AF-4EF0-9215-8776A8D30ECC}.Debug|Any CPU.Build.0 = Debug|Any CPU
		{71EE4EA4-13AF-4EF0-9215-8776A8D30ECC}.Release|Any CPU.ActiveCfg = Release|Any CPU
		{71EE4EA4-13AF-4EF0-9215-8776A8D30ECC}.Release|Any CPU.Build.0 = Release|Any CPU
	EndGlobalSection
	GlobalSection(SolutionProperties) = preSolution
		HideSolutionNode = FALSE
	EndGlobalSection
	GlobalSection(NestedProjects) = preSolution
		{60B3A19B-A725-4F44-A8D2-A66231695A38} = {5BF00462-D85F-4445-8D1E-1A935D638320}
		{1DC4817E-1E4F-45C1-9BD5-BAB429141EC8} = {5BF00462-D85F-4445-8D1E-1A935D638320}
		{A25D8797-0F0B-48D4-8C59-6EAFC5ECAD49} = {5BF00462-D85F-4445-8D1E-1A935D638320}
		{71EE4EA4-13AF-4EF0-9215-8776A8D30ECC} = {5BF00462-D85F-4445-8D1E-1A935D638320}
	EndGlobalSection
	GlobalSection(ExtensibilityGlobals) = postSolution
		SolutionGuid = {9B29DC81-5D09-4AFF-8B49-659221C8A6E7}
	EndGlobalSection
EndGlobal
