
Microsoft Visual Studio Solution File, Format Version 12.00
# Visual Studio Version 17
VisualStudioVersion = 17.5.33627.172
MinimumVisualStudioVersion = 10.0.40219.1
Project("{FAE04EC0-301F-11D3-BF4B-00C04F79EFBC}") = "Ergenekon.Domain", "Ergenekon.Domain\Ergenekon.Domain.csproj", "{26A5C189-1A1F-4961-9DB5-29717EFCE531}"
EndProject
Project("{FAE04EC0-301F-11D3-BF4B-00C04F79EFBC}") = "Ergenekon.Infrastructure", "Ergenekon.Infrastructure\Ergenekon.Infrastructure.csproj", "{841F1F81-4769-40E2-91F8-E44903D8559E}"
EndProject
Project("{FAE04EC0-301F-11D3-BF4B-00C04F79EFBC}") = "Ergenekon.Application", "Ergenekon.Application\Ergenekon.Application.csproj", "{FE4FBD77-442B-40C4-B677-A1FA8B70D0CC}"
EndProject
Global
	GlobalSection(SolutionConfigurationPlatforms) = preSolution
		Debug|Any CPU = Debug|Any CPU
		Release|Any CPU = Release|Any CPU
	EndGlobalSection
	GlobalSection(ProjectConfigurationPlatforms) = postSolution
		{26A5C189-1A1F-4961-9DB5-29717EFCE531}.Debug|Any CPU.ActiveCfg = Debug|Any CPU
		{26A5C189-1A1F-4961-9DB5-29717EFCE531}.Debug|Any CPU.Build.0 = Debug|Any CPU
		{26A5C189-1A1F-4961-9DB5-29717EFCE531}.Release|Any CPU.ActiveCfg = Release|Any CPU
		{26A5C189-1A1F-4961-9DB5-29717EFCE531}.Release|Any CPU.Build.0 = Release|Any CPU
		{841F1F81-4769-40E2-91F8-E44903D8559E}.Debug|Any CPU.ActiveCfg = Debug|Any CPU
		{841F1F81-4769-40E2-91F8-E44903D8559E}.Debug|Any CPU.Build.0 = Debug|Any CPU
		{841F1F81-4769-40E2-91F8-E44903D8559E}.Release|Any CPU.ActiveCfg = Release|Any CPU
		{841F1F81-4769-40E2-91F8-E44903D8559E}.Release|Any CPU.Build.0 = Release|Any CPU
		{FE4FBD77-442B-40C4-B677-A1FA8B70D0CC}.Debug|Any CPU.ActiveCfg = Debug|Any CPU
		{FE4FBD77-442B-40C4-B677-A1FA8B70D0CC}.Debug|Any CPU.Build.0 = Debug|Any CPU
		{FE4FBD77-442B-40C4-B677-A1FA8B70D0CC}.Release|Any CPU.ActiveCfg = Release|Any CPU
		{FE4FBD77-442B-40C4-B677-A1FA8B70D0CC}.Release|Any CPU.Build.0 = Release|Any CPU
	EndGlobalSection
	GlobalSection(SolutionProperties) = preSolution
		HideSolutionNode = FALSE
	EndGlobalSection
	GlobalSection(ExtensibilityGlobals) = postSolution
		SolutionGuid = {B71F0F77-DF41-4A63-BEA7-0BAAB1111708}
	EndGlobalSection
EndGlobal
